
Microsoft Visual Studio Solution File, Format Version 12.00
# Visual Studio 2012
Project("{FAE04EC0-301F-11D3-BF4B-00C04F79EFBC}") = "WinFormDatingServicePart1", "WindowsFormsApplication1\WinFormDatingServicePart1.csproj", "{8B4978DB-FF39-4210-B43E-AA0E356CE06B}"
EndProject
Global
	GlobalSection(SolutionConfigurationPlatforms) = preSolution
		Debug|Any CPU = Debug|Any CPU
		Release|Any CPU = Release|Any CPU
	EndGlobalSection
	GlobalSection(ProjectConfigurationPlatforms) = postSolution
		{8B4978DB-FF39-4210-B43E-AA0E356CE06B}.Debug|Any CPU.ActiveCfg = Debug|Any CPU
		{8B4978DB-FF39-4210-B43E-AA0E356CE06B}.Debug|Any CPU.Build.0 = Debug|Any CPU
		{8B4978DB-FF39-4210-B43E-AA0E356CE06B}.Release|Any CPU.ActiveCfg = Release|Any CPU
		{8B4978DB-FF39-4210-B43E-AA0E356CE06B}.Release|Any CPU.Build.0 = Release|Any CPU
	EndGlobalSection
	GlobalSection(SolutionProperties) = preSolution
		HideSolutionNode = FALSE
	EndGlobalSection
EndGlobal
